
Microsoft Visual Studio Solution File, Format Version 12.00
# Visual Studio 15
VisualStudioVersion = 15.0.28010.2050
MinimumVisualStudioVersion = 10.0.40219.1
Project("{FAE04EC0-301F-11D3-BF4B-00C04F79EFBC}") = "midtermBookStorePOS", "midtermBookStorePOS\midtermBookStorePOS.csproj", "{DB1C75E9-FFC4-4DDE-BBA1-BC38419CE4B9}"
EndProject
Global
	GlobalSection(SolutionConfigurationPlatforms) = preSolution
		Debug|Any CPU = Debug|Any CPU
		Release|Any CPU = Release|Any CPU
	EndGlobalSection
	GlobalSection(ProjectConfigurationPlatforms) = postSolution
		{DB1C75E9-FFC4-4DDE-BBA1-BC38419CE4B9}.Debug|Any CPU.ActiveCfg = Debug|Any CPU
		{DB1C75E9-FFC4-4DDE-BBA1-BC38419CE4B9}.Debug|Any CPU.Build.0 = Debug|Any CPU
		{DB1C75E9-FFC4-4DDE-BBA1-BC38419CE4B9}.Release|Any CPU.ActiveCfg = Release|Any CPU
		{DB1C75E9-FFC4-4DDE-BBA1-BC38419CE4B9}.Release|Any CPU.Build.0 = Release|Any CPU
	EndGlobalSection
	GlobalSection(SolutionProperties) = preSolution
		HideSolutionNode = FALSE
	EndGlobalSection
	GlobalSection(ExtensibilityGlobals) = postSolution
		SolutionGuid = {33354B2F-E109-421D-84BE-E5B15BF2D10B}
	EndGlobalSection
EndGlobal
